
Microsoft Visual Studio Solution File, Format Version 12.00
# Visual Studio 15
VisualStudioVersion = 15.0.27130.2024
MinimumVisualStudioVersion = 10.0.40219.1
Project("{FAE04EC0-301F-11D3-BF4B-00C04F79EFBC}") = "SolutionStore.Domain", "SolutionStore.Domain\SolutionStore.Domain.csproj", "{9F5CD633-889A-4740-A787-A785CC1329A9}"
EndProject
Project("{FAE04EC0-301F-11D3-BF4B-00C04F79EFBC}") = "SolutionStore.WebUI", "SolutionStore.WebUI\SolutionStore.WebUI.csproj", "{DD5083E5-E99F-43E6-8E61-CC27FF1F3AB2}"
EndProject
Global
	GlobalSection(SolutionConfigurationPlatforms) = preSolution
		Debug|Any CPU = Debug|Any CPU
		Release|Any CPU = Release|Any CPU
	EndGlobalSection
	GlobalSection(ProjectConfigurationPlatforms) = postSolution
		{9F5CD633-889A-4740-A787-A785CC1329A9}.Debug|Any CPU.ActiveCfg = Debug|Any CPU
		{9F5CD633-889A-4740-A787-A785CC1329A9}.Debug|Any CPU.Build.0 = Debug|Any CPU
		{9F5CD633-889A-4740-A787-A785CC1329A9}.Release|Any CPU.ActiveCfg = Release|Any CPU
		{9F5CD633-889A-4740-A787-A785CC1329A9}.Release|Any CPU.Build.0 = Release|Any CPU
		{DD5083E5-E99F-43E6-8E61-CC27FF1F3AB2}.Debug|Any CPU.ActiveCfg = Debug|Any CPU
		{DD5083E5-E99F-43E6-8E61-CC27FF1F3AB2}.Debug|Any CPU.Build.0 = Debug|Any CPU
		{DD5083E5-E99F-43E6-8E61-CC27FF1F3AB2}.Release|Any CPU.ActiveCfg = Release|Any CPU
		{DD5083E5-E99F-43E6-8E61-CC27FF1F3AB2}.Release|Any CPU.Build.0 = Release|Any CPU
	EndGlobalSection
	GlobalSection(SolutionProperties) = preSolution
		HideSolutionNode = FALSE
	EndGlobalSection
	GlobalSection(ExtensibilityGlobals) = postSolution
		SolutionGuid = {F961AAA5-E863-4341-9307-DDA5D95AAB4F}
	EndGlobalSection
EndGlobal
